// !$*UTF8*$!
{
	archiveVersion = 1;
	classes = {
	};
	objectVersion = 56;
	objects = {

/* Begin PBXBuildFile section */
		66128D112B65590C005ACADF /* app_SDFTApp.swift in Sources */ = {isa = PBXBuildFile; fileRef = 66128D102B65590C005ACADF /* app_SDFTApp.swift */; };
		66128D132B65590C005ACADF /* ContentView.swift in Sources */ = {isa = PBXBuildFile; fileRef = 66128D122B65590C005ACADF /* ContentView.swift */; };
		66128D152B65590D005ACADF /* Assets.xcassets in Resources */ = {isa = PBXBuildFile; fileRef = 66128D142B65590D005ACADF /* Assets.xcassets */; };
		66128D182B65590D005ACADF /* Preview Assets.xcassets in Resources */ = {isa = PBXBuildFile; fileRef = 66128D172B65590D005ACADF /* Preview Assets.xcassets */; };
		66128D232B65590D005ACADF /* app_SDFTTests.swift in Sources */ = {isa = PBXBuildFile; fileRef = 66128D222B65590D005ACADF /* app_SDFTTests.swift */; };
		66128D2D2B65590D005ACADF /* app_SDFTUITests.swift in Sources */ = {isa = PBXBuildFile; fileRef = 66128D2C2B65590D005ACADF /* app_SDFTUITests.swift */; };
		66128D2F2B65590D005ACADF /* app_SDFTUITestsLaunchTests.swift in Sources */ = {isa = PBXBuildFile; fileRef = 66128D2E2B65590D005ACADF /* app_SDFTUITestsLaunchTests.swift */; };
		66128D3F2B655950005ACADF /* al_audio_manager.swift in Sources */ = {isa = PBXBuildFile; fileRef = 66128D3B2B655950005ACADF /* al_audio_manager.swift */; };
		66128D402B655950005ACADF /* al_metal_extension.swift in Sources */ = {isa = PBXBuildFile; fileRef = 66128D3C2B655950005ACADF /* al_metal_extension.swift */; };
		66128D412B655950005ACADF /* al_metal_SDFT.swift in Sources */ = {isa = PBXBuildFile; fileRef = 66128D3D2B655950005ACADF /* al_metal_SDFT.swift */; };
		66128D422B655950005ACADF /* al_audio_session.swift in Sources */ = {isa = PBXBuildFile; fileRef = 66128D3E2B655950005ACADF /* al_audio_session.swift */; };
		66128D452B655977005ACADF /* al_shader_sdft_func.metal in Sources */ = {isa = PBXBuildFile; fileRef = 66128D442B655977005ACADF /* al_shader_sdft_func.metal */; };
/* End PBXBuildFile section */

/* Begin PBXContainerItemProxy section */
		66128D1F2B65590D005ACADF /* PBXContainerItemProxy */ = {
			isa = PBXContainerItemProxy;
			containerPortal = 66128D052B65590C005ACADF /* Project object */;
			proxyType = 1;
			remoteGlobalIDString = 66128D0C2B65590C005ACADF;
			remoteInfo = app_SDFT;
		};
		66128D292B65590D005ACADF /* PBXContainerItemProxy */ = {
			isa = PBXContainerItemProxy;
			containerPortal = 66128D052B65590C005ACADF /* Project object */;
			proxyType = 1;
			remoteGlobalIDString = 66128D0C2B65590C005ACADF;
			remoteInfo = app_SDFT;
		};
/* End PBXContainerItemProxy section */

/* Begin PBXFileReference section */
		66128D0D2B65590C005ACADF /* app_SDFT.app */ = {isa = PBXFileReference; explicitFileType = wrapper.application; includeInIndex = 0; path = app_SDFT.app; sourceTree = BUILT_PRODUCTS_DIR; };
		66128D102B65590C005ACADF /* app_SDFTApp.swift */ = {isa = PBXFileReference; lastKnownFileType = sourcecode.swift; path = app_SDFTApp.swift; sourceTree = "<group>"; };
		66128D122B65590C005ACADF /* ContentView.swift */ = {isa = PBXFileReference; lastKnownFileType = sourcecode.swift; path = ContentView.swift; sourceTree = "<group>"; };
		66128D142B65590D005ACADF /* Assets.xcassets */ = {isa = PBXFileReference; lastKnownFileType = folder.assetcatalog; path = Assets.xcassets; sourceTree = "<group>"; };
		66128D172B65590D005ACADF /* Preview Assets.xcassets */ = {isa = PBXFileReference; lastKnownFileType = folder.assetcatalog; path = "Preview Assets.xcassets"; sourceTree = "<group>"; };
		66128D192B65590D005ACADF /* app_SDFT.entitlements */ = {isa = PBXFileReference; lastKnownFileType = text.plist.entitlements; path = app_SDFT.entitlements; sourceTree = "<group>"; };
		66128D1E2B65590D005ACADF /* app_SDFTTests.xctest */ = {isa = PBXFileReference; explicitFileType = wrapper.cfbundle; includeInIndex = 0; path = app_SDFTTests.xctest; sourceTree = BUILT_PRODUCTS_DIR; };
		66128D222B65590D005ACADF /* app_SDFTTests.swift */ = {isa = PBXFileReference; lastKnownFileType = sourcecode.swift; path = app_SDFTTests.swift; sourceTree = "<group>"; };
		66128D282B65590D005ACADF /* app_SDFTUITests.xctest */ = {isa = PBXFileReference; explicitFileType = wrapper.cfbundle; includeInIndex = 0; path = app_SDFTUITests.xctest; sourceTree = BUILT_PRODUCTS_DIR; };
		66128D2C2B65590D005ACADF /* app_SDFTUITests.swift */ = {isa = PBXFileReference; lastKnownFileType = sourcecode.swift; path = app_SDFTUITests.swift; sourceTree = "<group>"; };
		66128D2E2B65590D005ACADF /* app_SDFTUITestsLaunchTests.swift */ = {isa = PBXFileReference; lastKnownFileType = sourcecode.swift; path = app_SDFTUITestsLaunchTests.swift; sourceTree = "<group>"; };
		66128D3B2B655950005ACADF /* al_audio_manager.swift */ = {isa = PBXFileReference; fileEncoding = 4; lastKnownFileType = sourcecode.swift; path = al_audio_manager.swift; sourceTree = "<group>"; };
		66128D3C2B655950005ACADF /* al_metal_extension.swift */ = {isa = PBXFileReference; fileEncoding = 4; lastKnownFileType = sourcecode.swift; path = al_metal_extension.swift; sourceTree = "<group>"; };
		66128D3D2B655950005ACADF /* al_metal_SDFT.swift */ = {isa = PBXFileReference; fileEncoding = 4; lastKnownFileType = sourcecode.swift; path = al_metal_SDFT.swift; sourceTree = "<group>"; };
		66128D3E2B655950005ACADF /* al_audio_session.swift */ = {isa = PBXFileReference; fileEncoding = 4; lastKnownFileType = sourcecode.swift; path = al_audio_session.swift; sourceTree = "<group>"; };
		66128D442B655977005ACADF /* al_shader_sdft_func.metal */ = {isa = PBXFileReference; fileEncoding = 4; lastKnownFileType = sourcecode.metal; path = al_shader_sdft_func.metal; sourceTree = "<group>"; };
		66128D462B655B43005ACADF /* app-SDFT-Info.plist */ = {isa = PBXFileReference; lastKnownFileType = text.plist; path = "app-SDFT-Info.plist"; sourceTree = SOURCE_ROOT; };
		66128D472B655D27005ACADF /* app_sdft_macos.entitlements */ = {isa = PBXFileReference; fileEncoding = 4; lastKnownFileType = text.plist.entitlements; path = app_sdft_macos.entitlements; sourceTree = "<group>"; };
/* End PBXFileReference section */

/* Begin PBXFrameworksBuildPhase section */
		66128D0A2B65590C005ACADF /* Frameworks */ = {
			isa = PBXFrameworksBuildPhase;
			buildActionMask = 2147483647;
			files = (
			);
			runOnlyForDeploymentPostprocessing = 0;
		};
		66128D1B2B65590D005ACADF /* Frameworks */ = {
			isa = PBXFrameworksBuildPhase;
			buildActionMask = 2147483647;
			files = (
			);
			runOnlyForDeploymentPostprocessing = 0;
		};
		66128D252B65590D005ACADF /* Frameworks */ = {
			isa = PBXFrameworksBuildPhase;
			buildActionMask = 2147483647;
			files = (
			);
			runOnlyForDeploymentPostprocessing = 0;
		};
/* End PBXFrameworksBuildPhase section */

/* Begin PBXGroup section */
		66128D042B65590C005ACADF = {
			isa = PBXGroup;
			children = (
				66128D0F2B65590C005ACADF /* app_SDFT */,
				66128D212B65590D005ACADF /* app_SDFTTests */,
				66128D2B2B65590D005ACADF /* app_SDFTUITests */,
				66128D0E2B65590C005ACADF /* Products */,
			);
			sourceTree = "<group>";
		};
		66128D0E2B65590C005ACADF /* Products */ = {
			isa = PBXGroup;
			children = (
				66128D0D2B65590C005ACADF /* app_SDFT.app */,
				66128D1E2B65590D005ACADF /* app_SDFTTests.xctest */,
				66128D282B65590D005ACADF /* app_SDFTUITests.xctest */,
			);
			name = Products;
			sourceTree = "<group>";
		};
		66128D0F2B65590C005ACADF /* app_SDFT */ = {
			isa = PBXGroup;
			children = (
				66128D472B655D27005ACADF /* app_sdft_macos.entitlements */,
				66128D462B655B43005ACADF /* app-SDFT-Info.plist */,
				66128D432B655955005ACADF /* metal */,
				66128D3B2B655950005ACADF /* al_audio_manager.swift */,
				66128D3E2B655950005ACADF /* al_audio_session.swift */,
				66128D3C2B655950005ACADF /* al_metal_extension.swift */,
				66128D3D2B655950005ACADF /* al_metal_SDFT.swift */,
				66128D102B65590C005ACADF /* app_SDFTApp.swift */,
				66128D122B65590C005ACADF /* ContentView.swift */,
				66128D142B65590D005ACADF /* Assets.xcassets */,
				66128D192B65590D005ACADF /* app_SDFT.entitlements */,
				66128D162B65590D005ACADF /* Preview Content */,
			);
			path = app_SDFT;
			sourceTree = "<group>";
		};
		66128D162B65590D005ACADF /* Preview Content */ = {
			isa = PBXGroup;
			children = (
				66128D172B65590D005ACADF /* Preview Assets.xcassets */,
			);
			path = "Preview Content";
			sourceTree = "<group>";
		};
		66128D212B65590D005ACADF /* app_SDFTTests */ = {
			isa = PBXGroup;
			children = (
				66128D222B65590D005ACADF /* app_SDFTTests.swift */,
			);
			path = app_SDFTTests;
			sourceTree = "<group>";
		};
		66128D2B2B65590D005ACADF /* app_SDFTUITests */ = {
			isa = PBXGroup;
			children = (
				66128D2C2B65590D005ACADF /* app_SDFTUITests.swift */,
				66128D2E2B65590D005ACADF /* app_SDFTUITestsLaunchTests.swift */,
			);
			path = app_SDFTUITests;
			sourceTree = "<group>";
		};
		66128D432B655955005ACADF /* metal */ = {
			isa = PBXGroup;
			children = (
				66128D442B655977005ACADF /* al_shader_sdft_func.metal */,
			);
			path = metal;
			sourceTree = "<group>";
		};
/* End PBXGroup section */

/* Begin PBXNativeTarget section */
		66128D0C2B65590C005ACADF /* app_SDFT */ = {
			isa = PBXNativeTarget;
			buildConfigurationList = 66128D322B65590D005ACADF /* Build configuration list for PBXNativeTarget "app_SDFT" */;
			buildPhases = (
				66128D092B65590C005ACADF /* Sources */,
				66128D0A2B65590C005ACADF /* Frameworks */,
				66128D0B2B65590C005ACADF /* Resources */,
			);
			buildRules = (
			);
			dependencies = (
			);
			name = app_SDFT;
			productName = app_SDFT;
			productReference = 66128D0D2B65590C005ACADF /* app_SDFT.app */;
			productType = "com.apple.product-type.application";
		};
		66128D1D2B65590D005ACADF /* app_SDFTTests */ = {
			isa = PBXNativeTarget;
			buildConfigurationList = 66128D352B65590D005ACADF /* Build configuration list for PBXNativeTarget "app_SDFTTests" */;
			buildPhases = (
				66128D1A2B65590D005ACADF /* Sources */,
				66128D1B2B65590D005ACADF /* Frameworks */,
				66128D1C2B65590D005ACADF /* Resources */,
			);
			buildRules = (
			);
			dependencies = (
				66128D202B65590D005ACADF /* PBXTargetDependency */,
			);
			name = app_SDFTTests;
			productName = app_SDFTTests;
			productReference = 66128D1E2B65590D005ACADF /* app_SDFTTests.xctest */;
			productType = "com.apple.product-type.bundle.unit-test";
		};
		66128D272B65590D005ACADF /* app_SDFTUITests */ = {
			isa = PBXNativeTarget;
			buildConfigurationList = 66128D382B65590D005ACADF /* Build configuration list for PBXNativeTarget "app_SDFTUITests" */;
			buildPhases = (
				66128D242B65590D005ACADF /* Sources */,
				66128D252B65590D005ACADF /* Frameworks */,
				66128D262B65590D005ACADF /* Resources */,
			);
			buildRules = (
			);
			dependencies = (
				66128D2A2B65590D005ACADF /* PBXTargetDependency */,
			);
			name = app_SDFTUITests;
			productName = app_SDFTUITests;
			productReference = 66128D282B65590D005ACADF /* app_SDFTUITests.xctest */;
			productType = "com.apple.product-type.bundle.ui-testing";
		};
/* End PBXNativeTarget section */

/* Begin PBXProject section */
		66128D052B65590C005ACADF /* Project object */ = {
			isa = PBXProject;
			attributes = {
				BuildIndependentTargetsInParallel = 1;
				LastSwiftUpdateCheck = 1510;
				LastUpgradeCheck = 1510;
				TargetAttributes = {
					66128D0C2B65590C005ACADF = {
						CreatedOnToolsVersion = 15.1;
					};
					66128D1D2B65590D005ACADF = {
						CreatedOnToolsVersion = 15.1;
						TestTargetID = 66128D0C2B65590C005ACADF;
					};
					66128D272B65590D005ACADF = {
						CreatedOnToolsVersion = 15.1;
						TestTargetID = 66128D0C2B65590C005ACADF;
					};
				};
			};
			buildConfigurationList = 66128D082B65590C005ACADF /* Build configuration list for PBXProject "app_SDFT" */;
			compatibilityVersion = "Xcode 14.0";
			developmentRegion = en;
			hasScannedForEncodings = 0;
			knownRegions = (
				en,
				Base,
			);
			mainGroup = 66128D042B65590C005ACADF;
			productRefGroup = 66128D0E2B65590C005ACADF /* Products */;
			projectDirPath = "";
			projectRoot = "";
			targets = (
				66128D0C2B65590C005ACADF /* app_SDFT */,
				66128D1D2B65590D005ACADF /* app_SDFTTests */,
				66128D272B65590D005ACADF /* app_SDFTUITests */,
			);
		};
/* End PBXProject section */

/* Begin PBXResourcesBuildPhase section */
		66128D0B2B65590C005ACADF /* Resources */ = {
			isa = PBXResourcesBuildPhase;
			buildActionMask = 2147483647;
			files = (
				66128D182B65590D005ACADF /* Preview Assets.xcassets in Resources */,
				66128D152B65590D005ACADF /* Assets.xcassets in Resources */,
			);
			runOnlyForDeploymentPostprocessing = 0;
		};
		66128D1C2B65590D005ACADF /* Resources */ = {
			isa = PBXResourcesBuildPhase;
			buildActionMask = 2147483647;
			files = (
			);
			runOnlyForDeploymentPostprocessing = 0;
		};
		66128D262B65590D005ACADF /* Resources */ = {
			isa = PBXResourcesBuildPhase;
			buildActionMask = 2147483647;
			files = (
			);
			runOnlyForDeploymentPostprocessing = 0;
		};
/* End PBXResourcesBuildPhase section */

/* Begin PBXSourcesBuildPhase section */
		66128D092B65590C005ACADF /* Sources */ = {
			isa = PBXSourcesBuildPhase;
			buildActionMask = 2147483647;
			files = (
				66128D132B65590C005ACADF /* ContentView.swift in Sources */,
				66128D3F2B655950005ACADF /* al_audio_manager.swift in Sources */,
				66128D402B655950005ACADF /* al_metal_extension.swift in Sources */,
				66128D112B65590C005ACADF /* app_SDFTApp.swift in Sources */,
				66128D422B655950005ACADF /* al_audio_session.swift in Sources */,
				66128D452B655977005ACADF /* al_shader_sdft_func.metal in Sources */,
				66128D412B655950005ACADF /* al_metal_SDFT.swift in Sources */,
			);
			runOnlyForDeploymentPostprocessing = 0;
		};
		66128D1A2B65590D005ACADF /* Sources */ = {
			isa = PBXSourcesBuildPhase;
			buildActionMask = 2147483647;
			files = (
				66128D232B65590D005ACADF /* app_SDFTTests.swift in Sources */,
			);
			runOnlyForDeploymentPostprocessing = 0;
		};
		66128D242B65590D005ACADF /* Sources */ = {
			isa = PBXSourcesBuildPhase;
			buildActionMask = 2147483647;
			files = (
				66128D2F2B65590D005ACADF /* app_SDFTUITestsLaunchTests.swift in Sources */,
				66128D2D2B65590D005ACADF /* app_SDFTUITests.swift in Sources */,
			);
			runOnlyForDeploymentPostprocessing = 0;
		};
/* End PBXSourcesBuildPhase section */

/* Begin PBXTargetDependency section */
		66128D202B65590D005ACADF /* PBXTargetDependency */ = {
			isa = PBXTargetDependency;
			target = 66128D0C2B65590C005ACADF /* app_SDFT */;
			targetProxy = 66128D1F2B65590D005ACADF /* PBXContainerItemProxy */;
		};
		66128D2A2B65590D005ACADF /* PBXTargetDependency */ = {
			isa = PBXTargetDependency;
			target = 66128D0C2B65590C005ACADF /* app_SDFT */;
			targetProxy = 66128D292B65590D005ACADF /* PBXContainerItemProxy */;
		};
/* End PBXTargetDependency section */

/* Begin XCBuildConfiguration section */
		66128D302B65590D005ACADF /* Debug */ = {
			isa = XCBuildConfiguration;
			buildSettings = {
				ALWAYS_SEARCH_USER_PATHS = NO;
				ASSETCATALOG_COMPILER_GENERATE_SWIFT_ASSET_SYMBOL_EXTENSIONS = YES;
				CLANG_ANALYZER_NONNULL = YES;
				CLANG_ANALYZER_NUMBER_OBJECT_CONVERSION = YES_AGGRESSIVE;
				CLANG_CXX_LANGUAGE_STANDARD = "gnu++20";
				CLANG_ENABLE_MODULES = YES;
				CLANG_ENABLE_OBJC_ARC = YES;
				CLANG_ENABLE_OBJC_WEAK = YES;
				CLANG_WARN_BLOCK_CAPTURE_AUTORELEASING = YES;
				CLANG_WARN_BOOL_CONVERSION = YES;
				CLANG_WARN_COMMA = YES;
				CLANG_WARN_CONSTANT_CONVERSION = YES;
				CLANG_WARN_DEPRECATED_OBJC_IMPLEMENTATIONS = YES;
				CLANG_WARN_DIRECT_OBJC_ISA_USAGE = YES_ERROR;
				CLANG_WARN_DOCUMENTATION_COMMENTS = YES;
				CLANG_WARN_EMPTY_BODY = YES;
				CLANG_WARN_ENUM_CONVERSION = YES;
				CLANG_WARN_INFINITE_RECURSION = YES;
				CLANG_WARN_INT_CONVERSION = YES;
				CLANG_WARN_NON_LITERAL_NULL_CONVERSION = YES;
				CLANG_WARN_OBJC_IMPLICIT_RETAIN_SELF = YES;
				CLANG_WARN_OBJC_LITERAL_CONVERSION = YES;
				CLANG_WARN_OBJC_ROOT_CLASS = YES_ERROR;
				CLANG_WARN_QUOTED_INCLUDE_IN_FRAMEWORK_HEADER = YES;
				CLANG_WARN_RANGE_LOOP_ANALYSIS = YES;
				CLANG_WARN_STRICT_PROTOTYPES = YES;
				CLANG_WARN_SUSPICIOUS_MOVE = YES;
				CLANG_WARN_UNGUARDED_AVAILABILITY = YES_AGGRESSIVE;
				CLANG_WARN_UNREACHABLE_CODE = YES;
				CLANG_WARN__DUPLICATE_METHOD_MATCH = YES;
				COPY_PHASE_STRIP = NO;
				DEBUG_INFORMATION_FORMAT = dwarf;
				ENABLE_STRICT_OBJC_MSGSEND = YES;
				ENABLE_TESTABILITY = YES;
				ENABLE_USER_SCRIPT_SANDBOXING = YES;
				GCC_C_LANGUAGE_STANDARD = gnu17;
				GCC_DYNAMIC_NO_PIC = NO;
				GCC_NO_COMMON_BLOCKS = YES;
				GCC_OPTIMIZATION_LEVEL = 0;
				GCC_PREPROCESSOR_DEFINITIONS = (
					"DEBUG=1",
					"$(inherited)",
				);
				GCC_WARN_64_TO_32_BIT_CONVERSION = YES;
				GCC_WARN_ABOUT_RETURN_TYPE = YES_ERROR;
				GCC_WARN_UNDECLARED_SELECTOR = YES;
				GCC_WARN_UNINITIALIZED_AUTOS = YES_AGGRESSIVE;
				GCC_WARN_UNUSED_FUNCTION = YES;
				GCC_WARN_UNUSED_VARIABLE = YES;
				LOCALIZATION_PREFERS_STRING_CATALOGS = YES;
				MACOSX_DEPLOYMENT_TARGET = 14.2;
				MTL_ENABLE_DEBUG_INFO = INCLUDE_SOURCE;
				MTL_FAST_MATH = YES;
				ONLY_ACTIVE_ARCH = YES;
				SDKROOT = macosx;
				SWIFT_ACTIVE_COMPILATION_CONDITIONS = "DEBUG $(inherited)";
				SWIFT_OPTIMIZATION_LEVEL = "-Onone";
			};
			name = Debug;
		};
		66128D312B65590D005ACADF /* Release */ = {
			isa = XCBuildConfiguration;
			buildSettings = {
				ALWAYS_SEARCH_USER_PATHS = NO;
				ASSETCATALOG_COMPILER_GENERATE_SWIFT_ASSET_SYMBOL_EXTENSIONS = YES;
				CLANG_ANALYZER_NONNULL = YES;
				CLANG_ANALYZER_NUMBER_OBJECT_CONVERSION = YES_AGGRESSIVE;
				CLANG_CXX_LANGUAGE_STANDARD = "gnu++20";
				CLANG_ENABLE_MODULES = YES;
				CLANG_ENABLE_OBJC_ARC = YES;
				CLANG_ENABLE_OBJC_WEAK = YES;
				CLANG_WARN_BLOCK_CAPTURE_AUTORELEASING = YES;
				CLANG_WARN_BOOL_CONVERSION = YES;
				CLANG_WARN_COMMA = YES;
				CLANG_WARN_CONSTANT_CONVERSION = YES;
				CLANG_WARN_DEPRECATED_OBJC_IMPLEMENTATIONS = YES;
				CLANG_WARN_DIRECT_OBJC_ISA_USAGE = YES_ERROR;
				CLANG_WARN_DOCUMENTATION_COMMENTS = YES;
				CLANG_WARN_EMPTY_BODY = YES;
				CLANG_WARN_ENUM_CONVERSION = YES;
				CLANG_WARN_INFINITE_RECURSION = YES;
				CLANG_WARN_INT_CONVERSION = YES;
				CLANG_WARN_NON_LITERAL_NULL_CONVERSION = YES;
				CLANG_WARN_OBJC_IMPLICIT_RETAIN_SELF = YES;
				CLANG_WARN_OBJC_LITERAL_CONVERSION = YES;
				CLANG_WARN_OBJC_ROOT_CLASS = YES_ERROR;
				CLANG_WARN_QUOTED_INCLUDE_IN_FRAMEWORK_HEADER = YES;
				CLANG_WARN_RANGE_LOOP_ANALYSIS = YES;
				CLANG_WARN_STRICT_PROTOTYPES = YES;
				CLANG_WARN_SUSPICIOUS_MOVE = YES;
				CLANG_WARN_UNGUARDED_AVAILABILITY = YES_AGGRESSIVE;
				CLANG_WARN_UNREACHABLE_CODE = YES;
				CLANG_WARN__DUPLICATE_METHOD_MATCH = YES;
				COPY_PHASE_STRIP = NO;
				DEBUG_INFORMATION_FORMAT = "dwarf-with-dsym";
				ENABLE_NS_ASSERTIONS = NO;
				ENABLE_STRICT_OBJC_MSGSEND = YES;
				ENABLE_USER_SCRIPT_SANDBOXING = YES;
				GCC_C_LANGUAGE_STANDARD = gnu17;
				GCC_NO_COMMON_BLOCKS = YES;
				GCC_WARN_64_TO_32_BIT_CONVERSION = YES;
				GCC_WARN_ABOUT_RETURN_TYPE = YES_ERROR;
				GCC_WARN_UNDECLARED_SELECTOR = YES;
				GCC_WARN_UNINITIALIZED_AUTOS = YES_AGGRESSIVE;
				GCC_WARN_UNUSED_FUNCTION = YES;
				GCC_WARN_UNUSED_VARIABLE = YES;
				LOCALIZATION_PREFERS_STRING_CATALOGS = YES;
				MACOSX_DEPLOYMENT_TARGET = 14.2;
				MTL_ENABLE_DEBUG_INFO = NO;
				MTL_FAST_MATH = YES;
				SDKROOT = macosx;
				SWIFT_COMPILATION_MODE = wholemodule;
			};
			name = Release;
		};
		66128D332B65590D005ACADF /* Debug */ = {
			isa = XCBuildConfiguration;
			buildSettings = {
				ASSETCATALOG_COMPILER_APPICON_NAME = AppIcon;
				ASSETCATALOG_COMPILER_GLOBAL_ACCENT_COLOR_NAME = AccentColor;
				CODE_SIGN_ENTITLEMENTS = app_SDFT/app_SDFT.entitlements;
				CODE_SIGN_STYLE = Automatic;
				COMBINE_HIDPI_IMAGES = YES;
				CURRENT_PROJECT_VERSION = 1;
				DEVELOPMENT_ASSET_PATHS = "\"app_SDFT/Preview Content\"";
				DEVELOPMENT_TEAM = 5M59RJ2Z2Y;
				ENABLE_HARDENED_RUNTIME = YES;
				ENABLE_PREVIEWS = YES;
				GENERATE_INFOPLIST_FILE = YES;
				INFOPLIST_FILE = "app-SDFT-Info.plist";
				INFOPLIST_KEY_NSCameraUsageDescription = "";
				INFOPLIST_KEY_NSHumanReadableCopyright = "";
				INFOPLIST_KEY_NSMicrophoneUsageDescription = "sound analisys";
				INFOPLIST_KEY_UIApplicationSupportsIndirectInputEvents = NO;
				LD_RUNPATH_SEARCH_PATHS = (
					"$(inherited)",
					"@executable_path/../Frameworks",
				);
				MACOSX_DEPLOYMENT_TARGET = 13.5;
				MARKETING_VERSION = 1.0;
				PRODUCT_BUNDLE_IDENTIFIER = "adamluczak.site.app-SDFT";
				PRODUCT_NAME = "$(TARGET_NAME)";
				SWIFT_EMIT_LOC_STRINGS = YES;
				SWIFT_VERSION = 5.0;
			};
			name = Debug;
		};
		66128D342B65590D005ACADF /* Release */ = {
			isa = XCBuildConfiguration;
			buildSettings = {
				ASSETCATALOG_COMPILER_APPICON_NAME = AppIcon;
				ASSETCATALOG_COMPILER_GLOBAL_ACCENT_COLOR_NAME = AccentColor;
				CODE_SIGN_ENTITLEMENTS = app_SDFT/app_SDFT.entitlements;
				CODE_SIGN_STYLE = Automatic;
				COMBINE_HIDPI_IMAGES = YES;
				CURRENT_PROJECT_VERSION = 1;
				DEVELOPMENT_ASSET_PATHS = "\"app_SDFT/Preview Content\"";
				DEVELOPMENT_TEAM = 5M59RJ2Z2Y;
				ENABLE_HARDENED_RUNTIME = YES;
				ENABLE_PREVIEWS = YES;
				GENERATE_INFOPLIST_FILE = YES;
				INFOPLIST_FILE = "app-SDFT-Info.plist";
				INFOPLIST_KEY_NSCameraUsageDescription = "";
				INFOPLIST_KEY_NSHumanReadableCopyright = "";
				INFOPLIST_KEY_NSMicrophoneUsageDescription = "sound analisys";
				INFOPLIST_KEY_UIApplicationSupportsIndirectInputEvents = NO;
				LD_RUNPATH_SEARCH_PATHS = (
					"$(inherited)",
					"@executable_path/../Frameworks",
				);
				MACOSX_DEPLOYMENT_TARGET = 13.5;
				MARKETING_VERSION = 1.0;
				PRODUCT_BUNDLE_IDENTIFIER = "adamluczak.site.app-SDFT";
				PRODUCT_NAME = "$(TARGET_NAME)";
				SWIFT_EMIT_LOC_STRINGS = YES;
				SWIFT_VERSION = 5.0;
			};
			name = Release;
		};
		66128D362B65590D005ACADF /* Debug */ = {
			isa = XCBuildConfiguration;
			buildSettings = {
				ALWAYS_EMBED_SWIFT_STANDARD_LIBRARIES = YES;
				BUNDLE_LOADER = "$(TEST_HOST)";
				CODE_SIGN_STYLE = Automatic;
				CURRENT_PROJECT_VERSION = 1;
				DEVELOPMENT_TEAM = 5M59RJ2Z2Y;
				GENERATE_INFOPLIST_FILE = YES;
				MACOSX_DEPLOYMENT_TARGET = 14.2;
				MARKETING_VERSION = 1.0;
				PRODUCT_BUNDLE_IDENTIFIER = "adamluczak.site.app-SDFTTests";
				PRODUCT_NAME = "$(TARGET_NAME)";
				SWIFT_EMIT_LOC_STRINGS = NO;
				SWIFT_VERSION = 5.0;
				TEST_HOST = "$(BUILT_PRODUCTS_DIR)/app_SDFT.app/$(BUNDLE_EXECUTABLE_FOLDER_PATH)/app_SDFT";
			};
			name = Debug;
		};
		66128D372B65590D005ACADF /* Release */ = {
			isa = XCBuildConfiguration;
			buildSettings = {
				ALWAYS_EMBED_SWIFT_STANDARD_LIBRARIES = YES;
				BUNDLE_LOADER = "$(TEST_HOST)";
				CODE_SIGN_STYLE = Automatic;
				CURRENT_PROJECT_VERSION = 1;
				DEVELOPMENT_TEAM = 5M59RJ2Z2Y;
				GENERATE_INFOPLIST_FILE = YES;
				MACOSX_DEPLOYMENT_TARGET = 14.2;
				MARKETING_VERSION = 1.0;
				PRODUCT_BUNDLE_IDENTIFIER = "adamluczak.site.app-SDFTTests";
				PRODUCT_NAME = "$(TARGET_NAME)";
				SWIFT_EMIT_LOC_STRINGS = NO;
				SWIFT_VERSION = 5.0;
				TEST_HOST = "$(BUILT_PRODUCTS_DIR)/app_SDFT.app/$(BUNDLE_EXECUTABLE_FOLDER_PATH)/app_SDFT";
			};
			name = Release;
		};
		66128D392B65590D005ACADF /* Debug */ = {
			isa = XCBuildConfiguration;
			buildSettings = {
				ALWAYS_EMBED_SWIFT_STANDARD_LIBRARIES = YES;
				CODE_SIGN_STYLE = Automatic;
				CURRENT_PROJECT_VERSION = 1;
				DEVELOPMENT_TEAM = 5M59RJ2Z2Y;
				GENERATE_INFOPLIST_FILE = YES;
				MARKETING_VERSION = 1.0;
				PRODUCT_BUNDLE_IDENTIFIER = "adamluczak.site.app-SDFTUITests";
				PRODUCT_NAME = "$(TARGET_NAME)";
				SWIFT_EMIT_LOC_STRINGS = NO;
				SWIFT_VERSION = 5.0;
				TEST_TARGET_NAME = app_SDFT;
			};
			name = Debug;
		};
		66128D3A2B65590D005ACADF /* Release */ = {
			isa = XCBuildConfiguration;
			buildSettings = {
				ALWAYS_EMBED_SWIFT_STANDARD_LIBRARIES = YES;
				CODE_SIGN_STYLE = Automatic;
				CURRENT_PROJECT_VERSION = 1;
				DEVELOPMENT_TEAM = 5M59RJ2Z2Y;
				GENERATE_INFOPLIST_FILE = YES;
				MARKETING_VERSION = 1.0;
				PRODUCT_BUNDLE_IDENTIFIER = "adamluczak.site.app-SDFTUITests";
				PRODUCT_NAME = "$(TARGET_NAME)";
				SWIFT_EMIT_LOC_STRINGS = NO;
				SWIFT_VERSION = 5.0;
				TEST_TARGET_NAME = app_SDFT;
			};
			name = Release;
		};
/* End XCBuildConfiguration section */

/* Begin XCConfigurationList section */
		66128D082B65590C005ACADF /* Build configuration list for PBXProject "app_SDFT" */ = {
			isa = XCConfigurationList;
			buildConfigurations = (
				66128D302B65590D005ACADF /* Debug */,
				66128D312B65590D005ACADF /* Release */,
			);
			defaultConfigurationIsVisible = 0;
			defaultConfigurationName = Release;
		};
		66128D322B65590D005ACADF /* Build configuration list for PBXNativeTarget "app_SDFT" */ = {
			isa = XCConfigurationList;
			buildConfigurations = (
				66128D332B65590D005ACADF /* Debug */,
				66128D342B65590D005ACADF /* Release */,
			);
			defaultConfigurationIsVisible = 0;
			defaultConfigurationName = Release;
		};
		66128D352B65590D005ACADF /* Build configuration list for PBXNativeTarget "app_SDFTTests" */ = {
			isa = XCConfigurationList;
			buildConfigurations = (
				66128D362B65590D005ACADF /* Debug */,
				66128D372B65590D005ACADF /* Release */,
			);
			defaultConfigurationIsVisible = 0;
			defaultConfigurationName = Release;
		};
		66128D382B65590D005ACADF /* Build configuration list for PBXNativeTarget "app_SDFTUITests" */ = {
			isa = XCConfigurationList;
			buildConfigurations = (
				66128D392B65590D005ACADF /* Debug */,
				66128D3A2B65590D005ACADF /* Release */,
			);
			defaultConfigurationIsVisible = 0;
			defaultConfigurationName = Release;
		};
/* End XCConfigurationList section */
	};
	rootObject = 66128D052B65590C005ACADF /* Project object */;
}
